version = 1
revision = 3
requires-python = ">=3.13"

[[package]]
name = "astrology-returns"
version = "0.1.0"
source = { editable = "." }
dependencies = [
    { name = "click" },
    { name = "geopy" },
    { name = "pyswisseph" },
]

[package.metadata]
requires-dist = [
    { name = "click", specifier = ">=8.3.1" },
    { name = "geopy", specifier = ">=2.4.1" },
    { name = "pyswisseph", specifier = ">=2.10.3.2" },
]

[[package]]
name = "click"
version = "8.3.1"
source = { registry = "https://pypi.org/simple" }
dependencies = [
    { name = "colorama", marker = "sys_platform == 'win32'" },
]
sdist = { url = "https://files.pythonhosted.org/packages/3d/fa/656b739db8587d7b5dfa22e22ed02566950fbfbcdc20311993483657a5c0/click-8.3.1.tar.gz", hash = "sha256:12ff4785d337a1bb490bb7e9c2b1ee5da3112e94a8622f26a6c77f5d2fc6842a", size = 295065, upload-time = "2025-11-15T20:45:42.706Z" }
wheels = [
    { url = "https://files.pythonhosted.org/packages/98/78/01c019cdb5d6498122777c1a43056ebb3ebfeef2076d9d026bfe15583b2b/click-8.3.1-py3-none-any.whl", hash = "sha256:981153a64e25f12d547d3426c367a4857371575ee7ad18df2a6183ab0545b2a6", size = 108274, upload-time = "2025-11-15T20:45:41.139Z" },
]

[[package]]
name = "colorama"
version = "0.4.6"
source = { registry = "https://pypi.org/simple" }
sdist = { url = "https://files.pythonhosted.org/packages/d8/53/6f443c9a4a8358a93a6792e2acffb9d9d5cb0a5cfd8802644b7b1c9a02e4/colorama-0.4.6.tar.gz", hash = "sha256:08695f5cb7ed6e0531a20572697297273c47b8cae5a63ffc6d6ed5c201be6e44", size = 27697, upload-time = "2022-10-25T02:36:22.414Z" }
wheels = [
    { url = "https://files.pythonhosted.org/packages/d1/d6/3965ed04c63042e047cb6a3e6ed1a63a35087b6a609aa3a15ed8ac56c221/colorama-0.4.6-py2.py3-none-any.whl", hash = "sha256:4f1d9991f5acc0ca119f9d443620b77f9d6b33703e51011c16baf57afb285fc6", size = 25335, upload-time = "2022-10-25T02:36:20.889Z" },
]

[[package]]
name = "geographiclib"
version = "2.1"
source = { registry = "https://pypi.org/simple" }
sdist = { url = "https://files.pythonhosted.org/packages/df/78/4892343230a9d29faa1364564e525307a37e54ad776ea62c12129dbba704/geographiclib-2.1.tar.gz", hash = "sha256:6a6545e6262d0ed3522e13c515713718797e37ed8c672c31ad7b249f372ef108", size = 37004, upload-time = "2025-08-21T21:34:26Z" }
wheels = [
    { url = "https://files.pythonhosted.org/packages/31/b3/802576f2ea5dcb48501bb162e4c7b7b3ca5654a42b2c968ef98a797a4c79/geographiclib-2.1-py3-none-any.whl", hash = "sha256:e2a873b9b9e7fc38721ad73d5f4e6c9ed140d428a339970f505c07056997d40b", size = 40740, upload-time = "2025-08-21T21:34:24.955Z" },
]

[[package]]
name = "geopy"
version = "2.4.1"
source = { registry = "https://pypi.org/simple" }
dependencies = [
    { name = "geographiclib" },
]
sdist = { url = "https://files.pythonhosted.org/packages/0e/fd/ef6d53875ceab72c1fad22dbed5ec1ad04eb378c2251a6a8024bad890c3b/geopy-2.4.1.tar.gz", hash = "sha256:50283d8e7ad07d89be5cb027338c6365a32044df3ae2556ad3f52f4840b3d0d1", size = 117625, upload-time = "2023-11-23T21:49:32.734Z" }
wheels = [
    { url = "https://files.pythonhosted.org/packages/e5/15/cf2a69ade4b194aa524ac75112d5caac37414b20a3a03e6865dfe0bd1539/geopy-2.4.1-py3-none-any.whl", hash = "sha256:ae8b4bc5c1131820f4d75fce9d4aaaca0c85189b3aa5d64c3dcaf5e3b7b882a7", size = 125437, upload-time = "2023-11-23T21:49:30.421Z" },
]

[[package]]
name = "pyswisseph"
version = "2.10.3.2"
source = { registry = "https://pypi.org/simple" }
sdist = { url = "https://files.pythonhosted.org/packages/66/a6/db70d67a00dda42ebd033538c086879328f4c17f670eafe8aca2f11abfef/pyswisseph-2.10.3.2.tar.gz", hash = "sha256:c54c305e83dbd5d2b71e58d8a69d8ee41de24c4d3328ce09e2af860a3537624d", size = 6940913, upload-time = "2023-06-04T17:05:53.293Z" }
